
Microsoft Visual Studio Solution File, Format Version 12.00
# Visual Studio Version 17
VisualStudioVersion = 17.0.32126.317
MinimumVisualStudioVersion = 10.0.40219.1
Project("{FAE04EC0-301F-11D3-BF4B-00C04F79EFBC}") = "Phone_book_pro", "Phone_book_pro\Phone_book_pro.csproj", "{6EC5ACA5-DBA2-4B90-9656-5989E9AB653B}"
EndProject
Global
	GlobalSection(SolutionConfigurationPlatforms) = preSolution
		Debug|Any CPU = Debug|Any CPU
		Release|Any CPU = Release|Any CPU
	EndGlobalSection
	GlobalSection(ProjectConfigurationPlatforms) = postSolution
		{6EC5ACA5-DBA2-4B90-9656-5989E9AB653B}.Debug|Any CPU.ActiveCfg = Debug|Any CPU
		{6EC5ACA5-DBA2-4B90-9656-5989E9AB653B}.Debug|Any CPU.Build.0 = Debug|Any CPU
		{6EC5ACA5-DBA2-4B90-9656-5989E9AB653B}.Release|Any CPU.ActiveCfg = Release|Any CPU
		{6EC5ACA5-DBA2-4B90-9656-5989E9AB653B}.Release|Any CPU.Build.0 = Release|Any CPU
	EndGlobalSection
	GlobalSection(SolutionProperties) = preSolution
		HideSolutionNode = FALSE
	EndGlobalSection
	GlobalSection(ExtensibilityGlobals) = postSolution
		SolutionGuid = {17F25244-874F-44AB-9A49-0C618E0A8CB6}
	EndGlobalSection
EndGlobal
